
Microsoft Visual Studio Solution File, Format Version 12.00
# Visual Studio 14
VisualStudioVersion = 14.0.25123.0
MinimumVisualStudioVersion = 10.0.40219.1
Project("{FAE04EC0-301F-11D3-BF4B-00C04F79EFBC}") = "YoteGame", "YoteGame\YoteGame.csproj", "{DC3990C2-3536-4F21-B767-F36C9F6008A7}"
EndProject
Project("{FAE04EC0-301F-11D3-BF4B-00C04F79EFBC}") = "Console", "Console\Console.csproj", "{8989304E-935D-4F66-A6E2-D61D7D329BEC}"
EndProject
Global
	GlobalSection(SolutionConfigurationPlatforms) = preSolution
		Debug|Any CPU = Debug|Any CPU
		Release|Any CPU = Release|Any CPU
	EndGlobalSection
	GlobalSection(ProjectConfigurationPlatforms) = postSolution
		{DC3990C2-3536-4F21-B767-F36C9F6008A7}.Debug|Any CPU.ActiveCfg = Debug|Any CPU
		{DC3990C2-3536-4F21-B767-F36C9F6008A7}.Debug|Any CPU.Build.0 = Debug|Any CPU
		{DC3990C2-3536-4F21-B767-F36C9F6008A7}.Release|Any CPU.ActiveCfg = Release|Any CPU
		{DC3990C2-3536-4F21-B767-F36C9F6008A7}.Release|Any CPU.Build.0 = Release|Any CPU
		{8989304E-935D-4F66-A6E2-D61D7D329BEC}.Debug|Any CPU.ActiveCfg = Debug|Any CPU
		{8989304E-935D-4F66-A6E2-D61D7D329BEC}.Debug|Any CPU.Build.0 = Debug|Any CPU
		{8989304E-935D-4F66-A6E2-D61D7D329BEC}.Release|Any CPU.ActiveCfg = Release|Any CPU
		{8989304E-935D-4F66-A6E2-D61D7D329BEC}.Release|Any CPU.Build.0 = Release|Any CPU
	EndGlobalSection
	GlobalSection(SolutionProperties) = preSolution
		HideSolutionNode = FALSE
	EndGlobalSection
EndGlobal
